<?xml version="1.0" encoding="utf-8"?>
<Project ToolsVersion="4.0" xmlns="http://schemas.microsoft.com/developer/msbuild/2003">
  <ItemGroup>
    <Filter Include="Source Files">
      <UniqueIdentifier>{4FC737F1-C7A5-4376-A066-2A32D752A2FF}</UniqueIdentifier>
      <Extensions>cpp;c;cc;cxx;c++;cppm;ixx;def;odl;idl;hpj;bat;asm;asmx</Extensions>
    </Filter>
    <Filter Include="Header Files">
      <UniqueIdentifier>{93995380-89BD-4b04-88EB-625FBE52EBFB}</UniqueIdentifier>
      <Extensions>h;hh;hpp;hxx;h++;hm;inl;inc;ipp;xsd</Extensions>
    </Filter>
    <Filter Include="Resource Files">
      <UniqueIdentifier>{67DA6AB6-F800-4c08-8B7A-83BB121AAD01}</UniqueIdentifier>
      <Extensions>rc;ico;cur;bmp;dlg;rc2;rct;bin;rgs;gif;jpg;jpeg;jpe;resx;tiff;tif;png;wav;mfcribbon-ms</Extensions>
    </Filter>
    <Filter Include="Generated Files">
      <UniqueIdentifier>{6b1e43c1-7e1c-4be1-8ac7-92b6b1ce43ce}</UniqueIdentifier>
    </Filter>
  </ItemGroup>
  <ItemGroup>
    <ClInclude Include="AudioJitterBuffer.h">
      <Filter>Header Files</Filter>
    </ClInclude>
    <ClInclude Include="AudioPlayoutBuffer.h">
      <Filter>Header Files</Filter>
    </ClInclude>
    <ClInclude Include="BufferUtil.h">
      <Filter>Header Files</Filter>
    </ClInclude>
    <ClInclude Include="DebugHelpers.h">
      <Filter>Header Files</Filter>
    </ClInclude>
    <ClInclude Include="FilterInterfaces.h">
      <Filter>Header Files</Filter>
    </ClInclude>
    <ClInclude Include="IJitterBuffer.h">
      <Filter>Header Files</Filter>
    </ClInclude>
    <ClInclude Include="InternetProtocolHelper.h">
      <Filter>Header Files</Filter>
    </ClInclude>
    <ClInclude Include="InternetProtocolHelperFunctions.h">
      <Filter>Header Files</Filter>
    </ClInclude>
    <ClInclude Include="IPlayoutBuffer.h">
      <Filter>Header Files</Filter>
    </ClInclude>
    <ClInclude Include="IRtpListenerInterfaces.h">
      <Filter>Header Files</Filter>
    </ClInclude>
    <ClInclude Include="IRtpPayloadPacketizer.h">
      <Filter>Header Files</Filter>
    </ClInclude>
    <ClInclude Include="IRtpStatistics.h">
      <Filter>Header Files</Filter>
    </ClInclude>
    <ClInclude Include="NetworkJitterBuffer.h">
      <Filter>Header Files</Filter>
    </ClInclude>
    <ClInclude Include="RegistryHelper.h">
      <Filter>Header Files</Filter>
    </ClInclude>
    <ClInclude Include="Resource.h">
      <Filter>Header Files</Filter>
    </ClInclude>
    <ClInclude Include="RtpBufferedListener.h">
      <Filter>Header Files</Filter>
    </ClInclude>
    <ClInclude Include="RtpConfigurationHelper.h">
      <Filter>Header Files</Filter>
    </ClInclude>
    <ClInclude Include="RtpDefines.h">
      <Filter>Header Files</Filter>
    </ClInclude>
    <ClInclude Include="RtpListener.h">
      <Filter>Header Files</Filter>
    </ClInclude>
    <ClInclude Include="RtpListenerEventCallbacks.h">
      <Filter>Header Files</Filter>
    </ClInclude>
    <ClInclude Include="RtpMediaTypeHelper.h">
      <Filter>Header Files</Filter>
    </ClInclude>
    <ClInclude Include="RtpPacket.h">
      <Filter>Header Files</Filter>
    </ClInclude>
    <ClInclude Include="RtpRenderer.h">
      <Filter>Header Files</Filter>
    </ClInclude>
    <ClInclude Include="RtpSessionMember.h">
      <Filter>Header Files</Filter>
    </ClInclude>
    <ClInclude Include="RtpSocketBase.h">
      <Filter>Header Files</Filter>
    </ClInclude>
    <ClInclude Include="RtpSocketGQoS.h">
      <Filter>Header Files</Filter>
    </ClInclude>
    <ClInclude Include="RtpStructs.h">
      <Filter>Header Files</Filter>
    </ClInclude>
    <ClInclude Include="SocketBaseReceiveWorkerThread.h">
      <Filter>Header Files</Filter>
    </ClInclude>
    <ClInclude Include="SocketData.h">
      <Filter>Header Files</Filter>
    </ClInclude>
    <ClInclude Include="stdafx.h">
      <Filter>Header Files</Filter>
    </ClInclude>
    <ClInclude Include="Test.h">
      <Filter>Header Files</Filter>
    </ClInclude>
    <ClInclude Include="TestRtpJitterBuffer.h">
      <Filter>Header Files</Filter>
    </ClInclude>
    <ClInclude Include="TestRtpPacketization.h">
      <Filter>Header Files</Filter>
    </ClInclude>
    <ClInclude Include="TestRtpSocketBase.h">
      <Filter>Header Files</Filter>
    </ClInclude>
    <ClInclude Include="Utilities.h">
      <Filter>Header Files</Filter>
    </ClInclude>
    <ClInclude Include="VideoJitterBuffer.h">
      <Filter>Header Files</Filter>
    </ClInclude>
    <ClInclude Include="VideoJitterBufferItems.h">
      <Filter>Header Files</Filter>
    </ClInclude>
    <ClInclude Include="VideoPlayoutBuffer.h">
      <Filter>Header Files</Filter>
    </ClInclude>
    <ClInclude Include="WinsockHelper.h">
      <Filter>Header Files</Filter>
    </ClInclude>
    <ClInclude Include="WinsockLoader.h">
      <Filter>Header Files</Filter>
    </ClInclude>
    <ClInclude Include="_Kite.Rtp.Atl.h">
      <Filter>Generated Files</Filter>
    </ClInclude>
  </ItemGroup>
  <ItemGroup>
    <ClCompile Include="AudioJitterBuffer.cpp">
      <Filter>Source Files</Filter>
    </ClCompile>
    <ClCompile Include="AudioPlayoutBuffer.cpp">
      <Filter>Source Files</Filter>
    </ClCompile>
    <ClCompile Include="BufferUtil.cpp">
      <Filter>Source Files</Filter>
    </ClCompile>
    <ClCompile Include="FilterInterfaces.cpp">
      <Filter>Source Files</Filter>
    </ClCompile>
    <ClCompile Include="InternetProtocolHelper.cpp">
      <Filter>Source Files</Filter>
    </ClCompile>
    <ClCompile Include="InternetProtocolHelperFunctions.cpp">
      <Filter>Source Files</Filter>
    </ClCompile>
    <ClCompile Include="Kite.Rtp.Atl.cpp">
      <Filter>Source Files</Filter>
    </ClCompile>
    <ClCompile Include="RegistryHelper.cpp">
      <Filter>Source Files</Filter>
    </ClCompile>
    <ClCompile Include="RtpBufferedListener.cpp">
      <Filter>Source Files</Filter>
    </ClCompile>
    <ClCompile Include="RtpConfigurationHelper.cpp">
      <Filter>Source Files</Filter>
    </ClCompile>
    <ClCompile Include="RtpListener.cpp">
      <Filter>Source Files</Filter>
    </ClCompile>
    <ClCompile Include="RtpMediaTypeHelper.cpp">
      <Filter>Source Files</Filter>
    </ClCompile>
    <ClCompile Include="RtpPacket.cpp">
      <Filter>Source Files</Filter>
    </ClCompile>
    <ClCompile Include="RtpRenderer.cpp">
      <Filter>Source Files</Filter>
    </ClCompile>
    <ClCompile Include="RtpSessionMember.cpp">
      <Filter>Source Files</Filter>
    </ClCompile>
    <ClCompile Include="RtpSocketBase.cpp">
      <Filter>Source Files</Filter>
    </ClCompile>
    <ClCompile Include="RtpSocketGQoS.cpp">
      <Filter>Source Files</Filter>
    </ClCompile>
    <ClCompile Include="SocketBaseReceiveWorkerThread.cpp">
      <Filter>Source Files</Filter>
    </ClCompile>
    <ClCompile Include="SocketData.cpp">
      <Filter>Source Files</Filter>
    </ClCompile>
    <ClCompile Include="stdafx.cpp">
      <Filter>Source Files</Filter>
    </ClCompile>
    <ClCompile Include="Test.cpp">
      <Filter>Source Files</Filter>
    </ClCompile>
    <ClCompile Include="TestRtpJitterBuffer.cpp">
      <Filter>Source Files</Filter>
    </ClCompile>
    <ClCompile Include="TestRtpPacketization.cpp">
      <Filter>Source Files</Filter>
    </ClCompile>
    <ClCompile Include="TestRtpSocketBase.cpp">
      <Filter>Source Files</Filter>
    </ClCompile>
    <ClCompile Include="Utilities.cpp">
      <Filter>Source Files</Filter>
    </ClCompile>
    <ClCompile Include="VideoJitterBuffer.cpp">
      <Filter>Source Files</Filter>
    </ClCompile>
    <ClCompile Include="VideoPlayoutBuffer.cpp">
      <Filter>Source Files</Filter>
    </ClCompile>
    <ClCompile Include="WinsockHelper.cpp">
      <Filter>Source Files</Filter>
    </ClCompile>
    <ClCompile Include="WinsockLoader.cpp">
      <Filter>Source Files</Filter>
    </ClCompile>
    <ClCompile Include="_Kite.Rtp.Atl_i.c">
      <Filter>Generated Files</Filter>
    </ClCompile>
    <ClCompile Include="_Kite.Rtp.Atl_p.c">
      <Filter>Generated Files</Filter>
    </ClCompile>
    <ClCompile Include="dlldata.c">
      <Filter>Generated Files</Filter>
    </ClCompile>
  </ItemGroup>
  <ItemGroup>
    <ResourceCompile Include="Kite.Rtp.Atl.rc">
      <Filter>Resource Files</Filter>
    </ResourceCompile>
  </ItemGroup>
  <ItemGroup>
    <None Include="Kite.Rtp.Atl.rgs">
      <Filter>Resource Files</Filter>
    </None>
    <None Include="ReadMe.txt" />
  </ItemGroup>
  <ItemGroup>
    <Midl Include="_Kite.Rtp.Atl.idl">
      <Filter>Source Files</Filter>
    </Midl>
  </ItemGroup>
</Project>